github.com/emily33901/vtf v0.0.0-20190613094935-fc3c5b74c85e h1:VD52lbr5Ct6Dds0fYi3OAori2YUVC9uC4YQ+G4ig+9o=
github.com/emily33901/vtf v0.0.0-20190613094935-fc3c5b74c85e/go.mod h1:583++H9R+QD4S8up87rC+k0imOG1m/hSZ8jDVQMO3pM=
github.com/galaco/vpk2 v0.0.0-20181012095330-21e4d1f6c888 h1:QCMt6AZ5gwsJ3SNsvTULg/xjZIfmcbRWv6BBnkYNOWI=
github.com/galaco/vpk2 v0.0.0-20181012095330-21e4d1f6c888/go.mod h1:jL22XAWuUlYUmONuamxDdbDlGJhuOFkqNRPJwuBA3X8=